
Microsoft Visual Studio Solution File, Format Version 12.00
# Visual Studio Version 17
VisualStudioVersion = 17.6.33723.286
MinimumVisualStudioVersion = 10.0.40219.1
Project("{FAE04EC0-301F-11D3-BF4B-00C04F79EFBC}") = "GitAppUsingAzureDevOps", "GitAppUsingAzureDevOps.csproj", "{8ECCE9FD-A751-4B94-84AB-570F680E068E}"
EndProject
Global
	GlobalSection(SolutionConfigurationPlatforms) = preSolution
		Debug|Any CPU = Debug|Any CPU
		Release|Any CPU = Release|Any CPU
	EndGlobalSection
	GlobalSection(ProjectConfigurationPlatforms) = postSolution
		{8ECCE9FD-A751-4B94-84AB-570F680E068E}.Debug|Any CPU.ActiveCfg = Debug|Any CPU
		{8ECCE9FD-A751-4B94-84AB-570F680E068E}.Debug|Any CPU.Build.0 = Debug|Any CPU
		{8ECCE9FD-A751-4B94-84AB-570F680E068E}.Release|Any CPU.ActiveCfg = Release|Any CPU
		{8ECCE9FD-A751-4B94-84AB-570F680E068E}.Release|Any CPU.Build.0 = Release|Any CPU
	EndGlobalSection
	GlobalSection(SolutionProperties) = preSolution
		HideSolutionNode = FALSE
	EndGlobalSection
	GlobalSection(ExtensibilityGlobals) = postSolution
		SolutionGuid = {18BA9904-FC21-4D30-B296-29F5808B1F0B}
	EndGlobalSection
EndGlobal
